
Microsoft Visual Studio Solution File, Format Version 12.00
# Visual Studio Version 16
VisualStudioVersion = 16.0.30804.86
MinimumVisualStudioVersion = 10.0.40219.1
Project("{FAE04EC0-301F-11D3-BF4B-00C04F79EFBC}") = "PA6-justiceha", "PA6-justiceha\PA6-justiceha.csproj", "{907EEA29-90C4-4616-942D-6ACAFE65469F}"
EndProject
Global
	GlobalSection(SolutionConfigurationPlatforms) = preSolution
		Debug|Any CPU = Debug|Any CPU
		Release|Any CPU = Release|Any CPU
	EndGlobalSection
	GlobalSection(ProjectConfigurationPlatforms) = postSolution
		{907EEA29-90C4-4616-942D-6ACAFE65469F}.Debug|Any CPU.ActiveCfg = Debug|Any CPU
		{907EEA29-90C4-4616-942D-6ACAFE65469F}.Debug|Any CPU.Build.0 = Debug|Any CPU
		{907EEA29-90C4-4616-942D-6ACAFE65469F}.Release|Any CPU.ActiveCfg = Release|Any CPU
		{907EEA29-90C4-4616-942D-6ACAFE65469F}.Release|Any CPU.Build.0 = Release|Any CPU
	EndGlobalSection
	GlobalSection(SolutionProperties) = preSolution
		HideSolutionNode = FALSE
	EndGlobalSection
	GlobalSection(ExtensibilityGlobals) = postSolution
		SolutionGuid = {FAA6EC55-D8C4-46F4-94B8-B98749C22CE0}
	EndGlobalSection
EndGlobal
